
Microsoft Visual Studio Solution File, Format Version 12.00
# Visual Studio Version 17
VisualStudioVersion = 17.13.35931.197
MinimumVisualStudioVersion = 10.0.40219.1
Project("{FAE04EC0-301F-11D3-BF4B-00C04F79EFBC}") = "MauiApp_Interfaz", "MauiApp_Interfaz.csproj", "{EA39900C-1355-4DC9-9CFC-78FB2CE27531}"
EndProject
Project("{54435603-DBB4-11D2-8724-00A0C9A8B90C}") = "SetupExcel", "..\SetupExcel\SetupExcel.vdproj", "{3E846766-EB0B-FA3C-4060-96DBDA9B1890}"
EndProject
Global
	GlobalSection(SolutionConfigurationPlatforms) = preSolution
		Debug|Any CPU = Debug|Any CPU
		Release|Any CPU = Release|Any CPU
	EndGlobalSection
	GlobalSection(ProjectConfigurationPlatforms) = postSolution
		{EA39900C-1355-4DC9-9CFC-78FB2CE27531}.Debug|Any CPU.ActiveCfg = Debug|Any CPU
		{EA39900C-1355-4DC9-9CFC-78FB2CE27531}.Debug|Any CPU.Build.0 = Debug|Any CPU
		{EA39900C-1355-4DC9-9CFC-78FB2CE27531}.Debug|Any CPU.Deploy.0 = Debug|Any CPU
		{EA39900C-1355-4DC9-9CFC-78FB2CE27531}.Release|Any CPU.ActiveCfg = Release|Any CPU
		{EA39900C-1355-4DC9-9CFC-78FB2CE27531}.Release|Any CPU.Build.0 = Release|Any CPU
		{EA39900C-1355-4DC9-9CFC-78FB2CE27531}.Release|Any CPU.Deploy.0 = Release|Any CPU
		{3E846766-EB0B-FA3C-4060-96DBDA9B1890}.Debug|Any CPU.ActiveCfg = Debug
		{3E846766-EB0B-FA3C-4060-96DBDA9B1890}.Release|Any CPU.ActiveCfg = Release
	EndGlobalSection
	GlobalSection(SolutionProperties) = preSolution
		HideSolutionNode = FALSE
	EndGlobalSection
	GlobalSection(ExtensibilityGlobals) = postSolution
		SolutionGuid = {A30D42AC-9AF1-48F4-B4B5-BF376E8DC22F}
	EndGlobalSection
EndGlobal
